
Microsoft Visual Studio Solution File, Format Version 12.00
# Visual Studio Version 17
VisualStudioVersion = 17.4.33122.133
MinimumVisualStudioVersion = 10.0.40219.1
Project("{FAE04EC0-301F-11D3-BF4B-00C04F79EFBC}") = "wpf_sessiya1", "wpf_sessiya1\wpf_sessiya1.csproj", "{8192989C-DD21-4AF0-AFF5-459C79E4A53C}"
EndProject
Global
	GlobalSection(SolutionConfigurationPlatforms) = preSolution
		Debug|Any CPU = Debug|Any CPU
		Release|Any CPU = Release|Any CPU
	EndGlobalSection
	GlobalSection(ProjectConfigurationPlatforms) = postSolution
		{8192989C-DD21-4AF0-AFF5-459C79E4A53C}.Debug|Any CPU.ActiveCfg = Debug|Any CPU
		{8192989C-DD21-4AF0-AFF5-459C79E4A53C}.Debug|Any CPU.Build.0 = Debug|Any CPU
		{8192989C-DD21-4AF0-AFF5-459C79E4A53C}.Release|Any CPU.ActiveCfg = Release|Any CPU
		{8192989C-DD21-4AF0-AFF5-459C79E4A53C}.Release|Any CPU.Build.0 = Release|Any CPU
	EndGlobalSection
	GlobalSection(SolutionProperties) = preSolution
		HideSolutionNode = FALSE
	EndGlobalSection
	GlobalSection(ExtensibilityGlobals) = postSolution
		SolutionGuid = {3B1FAD6B-0AFB-4D84-8C42-3B093BA2CEED}
	EndGlobalSection
EndGlobal
